
Microsoft Visual Studio Solution File, Format Version 12.00
# Visual Studio Version 16
VisualStudioVersion = 16.6.30114.105
MinimumVisualStudioVersion = 10.0.40219.1
Project("{FAE04EC0-301F-11D3-BF4B-00C04F79EFBC}") = "API", "API\API.csproj", "{E5E16586-944A-42D3-96D4-3390C912DE71}"
EndProject
Project("{FAE04EC0-301F-11D3-BF4B-00C04F79EFBC}") = "Application", "Application\Application.csproj", "{DC170844-383D-48B5-B478-BBC3F6523631}"
EndProject
Project("{FAE04EC0-301F-11D3-BF4B-00C04F79EFBC}") = "Domain", "Domain\Domain.csproj", "{464E3370-75B8-496B-9748-26AE7D0D0233}"
EndProject
Project("{FAE04EC0-301F-11D3-BF4B-00C04F79EFBC}") = "Persistence", "Persistence\Persistence.csproj", "{C92460E8-541D-4FC4-BEC2-2C4F8476FB6D}"
EndProject
Global
	GlobalSection(SolutionConfigurationPlatforms) = preSolution
		Debug|Any CPU = Debug|Any CPU
		Debug|x64 = Debug|x64
		Debug|x86 = Debug|x86
		Release|Any CPU = Release|Any CPU
		Release|x64 = Release|x64
		Release|x86 = Release|x86
	EndGlobalSection
	GlobalSection(SolutionProperties) = preSolution
		HideSolutionNode = FALSE
	EndGlobalSection
	GlobalSection(ProjectConfigurationPlatforms) = postSolution
		{E5E16586-944A-42D3-96D4-3390C912DE71}.Debug|Any CPU.ActiveCfg = Debug|Any CPU
		{E5E16586-944A-42D3-96D4-3390C912DE71}.Debug|Any CPU.Build.0 = Debug|Any CPU
		{E5E16586-944A-42D3-96D4-3390C912DE71}.Debug|x64.ActiveCfg = Debug|Any CPU
		{E5E16586-944A-42D3-96D4-3390C912DE71}.Debug|x64.Build.0 = Debug|Any CPU
		{E5E16586-944A-42D3-96D4-3390C912DE71}.Debug|x86.ActiveCfg = Debug|Any CPU
		{E5E16586-944A-42D3-96D4-3390C912DE71}.Debug|x86.Build.0 = Debug|Any CPU
		{E5E16586-944A-42D3-96D4-3390C912DE71}.Release|Any CPU.ActiveCfg = Release|Any CPU
		{E5E16586-944A-42D3-96D4-3390C912DE71}.Release|Any CPU.Build.0 = Release|Any CPU
		{E5E16586-944A-42D3-96D4-3390C912DE71}.Release|x64.ActiveCfg = Release|Any CPU
		{E5E16586-944A-42D3-96D4-3390C912DE71}.Release|x64.Build.0 = Release|Any CPU
		{E5E16586-944A-42D3-96D4-3390C912DE71}.Release|x86.ActiveCfg = Release|Any CPU
		{E5E16586-944A-42D3-96D4-3390C912DE71}.Release|x86.Build.0 = Release|Any CPU
		{DC170844-383D-48B5-B478-BBC3F6523631}.Debug|Any CPU.ActiveCfg = Debug|Any CPU
		{DC170844-383D-48B5-B478-BBC3F6523631}.Debug|Any CPU.Build.0 = Debug|Any CPU
		{DC170844-383D-48B5-B478-BBC3F6523631}.Debug|x64.ActiveCfg = Debug|Any CPU
		{DC170844-383D-48B5-B478-BBC3F6523631}.Debug|x64.Build.0 = Debug|Any CPU
		{DC170844-383D-48B5-B478-BBC3F6523631}.Debug|x86.ActiveCfg = Debug|Any CPU
		{DC170844-383D-48B5-B478-BBC3F6523631}.Debug|x86.Build.0 = Debug|Any CPU
		{DC170844-383D-48B5-B478-BBC3F6523631}.Release|Any CPU.ActiveCfg = Release|Any CPU
		{DC170844-383D-48B5-B478-BBC3F6523631}.Release|Any CPU.Build.0 = Release|Any CPU
		{DC170844-383D-48B5-B478-BBC3F6523631}.Release|x64.ActiveCfg = Release|Any CPU
		{DC170844-383D-48B5-B478-BBC3F6523631}.Release|x64.Build.0 = Release|Any CPU
		{DC170844-383D-48B5-B478-BBC3F6523631}.Release|x86.ActiveCfg = Release|Any CPU
		{DC170844-383D-48B5-B478-BBC3F6523631}.Release|x86.Build.0 = Release|Any CPU
		{464E3370-75B8-496B-9748-26AE7D0D0233}.Debug|Any CPU.ActiveCfg = Debug|Any CPU
		{464E3370-75B8-496B-9748-26AE7D0D0233}.Debug|Any CPU.Build.0 = Debug|Any CPU
		{464E3370-75B8-496B-9748-26AE7D0D0233}.Debug|x64.ActiveCfg = Debug|Any CPU
		{464E3370-75B8-496B-9748-26AE7D0D0233}.Debug|x64.Build.0 = Debug|Any CPU
		{464E3370-75B8-496B-9748-26AE7D0D0233}.Debug|x86.ActiveCfg = Debug|Any CPU
		{464E3370-75B8-496B-9748-26AE7D0D0233}.Debug|x86.Build.0 = Debug|Any CPU
		{464E3370-75B8-496B-9748-26AE7D0D0233}.Release|Any CPU.ActiveCfg = Release|Any CPU
		{464E3370-75B8-496B-9748-26AE7D0D0233}.Release|Any CPU.Build.0 = Release|Any CPU
		{464E3370-75B8-496B-9748-26AE7D0D0233}.Release|x64.ActiveCfg = Release|Any CPU
		{464E3370-75B8-496B-9748-26AE7D0D0233}.Release|x64.Build.0 = Release|Any CPU
		{464E3370-75B8-496B-9748-26AE7D0D0233}.Release|x86.ActiveCfg = Release|Any CPU
		{464E3370-75B8-496B-9748-26AE7D0D0233}.Release|x86.Build.0 = Release|Any CPU
		{C92460E8-541D-4FC4-BEC2-2C4F8476FB6D}.Debug|Any CPU.ActiveCfg = Debug|Any CPU
		{C92460E8-541D-4FC4-BEC2-2C4F8476FB6D}.Debug|Any CPU.Build.0 = Debug|Any CPU
		{C92460E8-541D-4FC4-BEC2-2C4F8476FB6D}.Debug|x64.ActiveCfg = Debug|Any CPU
		{C92460E8-541D-4FC4-BEC2-2C4F8476FB6D}.Debug|x64.Build.0 = Debug|Any CPU
		{C92460E8-541D-4FC4-BEC2-2C4F8476FB6D}.Debug|x86.ActiveCfg = Debug|Any CPU
		{C92460E8-541D-4FC4-BEC2-2C4F8476FB6D}.Debug|x86.Build.0 = Debug|Any CPU
		{C92460E8-541D-4FC4-BEC2-2C4F8476FB6D}.Release|Any CPU.ActiveCfg = Release|Any CPU
		{C92460E8-541D-4FC4-BEC2-2C4F8476FB6D}.Release|Any CPU.Build.0 = Release|Any CPU
		{C92460E8-541D-4FC4-BEC2-2C4F8476FB6D}.Release|x64.ActiveCfg = Release|Any CPU
		{C92460E8-541D-4FC4-BEC2-2C4F8476FB6D}.Release|x64.Build.0 = Release|Any CPU
		{C92460E8-541D-4FC4-BEC2-2C4F8476FB6D}.Release|x86.ActiveCfg = Release|Any CPU
		{C92460E8-541D-4FC4-BEC2-2C4F8476FB6D}.Release|x86.Build.0 = Release|Any CPU
	EndGlobalSection
EndGlobal
